# THIS IS AN AUTOGENERATED FILE. DO NOT EDIT THIS FILE DIRECTLY.
# yarn lockfile v1


jquery.1@^1.0.0:
  version "1.0.0"
  resolved "https://registry.yarnpkg.com/jquery.1/-/jquery.1-1.0.0.tgz#6bb4fb107284779c7135bb817f80d02c6e64552e"
  dependencies:
    jquery "^1.0"

jquery@^1.0:
  version "1.12.4"
  resolved "https://registry.yarnpkg.com/jquery/-/jquery-1.12.4.tgz#01e1dfba290fe73deba77ceeacb0f9ba2fec9e0c"
